// !$*UTF8*$!
{
	archiveVersion = 1;
	classes = {
	};
	objectVersion = 46;
	objects = {

/* Begin PBXBuildFile section */
		DBD52CEB1BC402F90046CCCC /* client.c in Sources */ = {isa = PBXBuildFile; fileRef = DBD52CEA1BC402F90046CCCC /* client.c */; settings = {ASSET_TAGS = (); }; };
		DBD52CED1BC403060046CCCC /* server.c in Sources */ = {isa = PBXBuildFile; fileRef = DBD52CEC1BC403060046CCCC /* server.c */; settings = {ASSET_TAGS = (); }; };
/* End PBXBuildFile section */

/* Begin PBXCopyFilesBuildPhase section */
		DBD52CDE1BC3E7E10046CCCC /* CopyFiles */ = {
			isa = PBXCopyFilesBuildPhase;
			buildActionMask = 2147483647;
			dstPath = /usr/share/man/man1/;
			dstSubfolderSpec = 0;
			files = (
			);
			runOnlyForDeploymentPostprocessing = 1;
		};
/* End PBXCopyFilesBuildPhase section */

/* Begin PBXFileReference section */
		DBD52CE01BC3E7E10046CCCC /* comp_networks */ = {isa = PBXFileReference; explicitFileType = "compiled.mach-o.executable"; includeInIndex = 0; path = comp_networks; sourceTree = BUILT_PRODUCTS_DIR; };
		DBD52CEA1BC402F90046CCCC /* client.c */ = {isa = PBXFileReference; fileEncoding = 30; lastKnownFileType = sourcecode.c.c; path = client.c; sourceTree = "<group>"; };
		DBD52CEC1BC403060046CCCC /* server.c */ = {isa = PBXFileReference; fileEncoding = 4; lastKnownFileType = sourcecode.c.c; path = server.c; sourceTree = "<group>"; };
/* End PBXFileReference section */

/* Begin PBXFrameworksBuildPhase section */
		DBD52CDD1BC3E7E10046CCCC /* Frameworks */ = {
			isa = PBXFrameworksBuildPhase;
			buildActionMask = 2147483647;
			files = (
			);
			runOnlyForDeploymentPostprocessing = 0;
		};
/* End PBXFrameworksBuildPhase section */

/* Begin PBXGroup section */
		DBD52CD71BC3E7E10046CCCC = {
			isa = PBXGroup;
			children = (
				DBD52CE21BC3E7E10046CCCC /* comp_networks */,
				DBD52CE11BC3E7E10046CCCC /* Products */,
			);
			sourceTree = "<group>";
		};
		DBD52CE11BC3E7E10046CCCC /* Products */ = {
			isa = PBXGroup;
			children = (
				DBD52CE01BC3E7E10046CCCC /* comp_networks */,
			);
			name = Products;
			sourceTree = "<group>";
		};
		DBD52CE21BC3E7E10046CCCC /* comp_networks */ = {
			isa = PBXGroup;
			children = (
				DBD52CEA1BC402F90046CCCC /* client.c */,
				DBD52CEC1BC403060046CCCC /* server.c */,
			);
			path = comp_networks;
			sourceTree = "<group>";
		};
/* End PBXGroup section */

/* Begin PBXNativeTarget section */
		DBD52CDF1BC3E7E10046CCCC /* comp_networks */ = {
			isa = PBXNativeTarget;
			buildConfigurationList = DBD52CE71BC3E7E10046CCCC /* Build configuration list for PBXNativeTarget "comp_networks" */;
			buildPhases = (
				DBD52CDC1BC3E7E10046CCCC /* Sources */,
				DBD52CDD1BC3E7E10046CCCC /* Frameworks */,
				DBD52CDE1BC3E7E10046CCCC /* CopyFiles */,
			);
			buildRules = (
			);
			dependencies = (
			);
			name = comp_networks;
			productName = comp_networks;
			productReference = DBD52CE01BC3E7E10046CCCC /* comp_networks */;
			productType = "com.apple.product-type.tool";
		};
/* End PBXNativeTarget section */

/* Begin PBXProject section */
		DBD52CD81BC3E7E10046CCCC /* Project object */ = {
			isa = PBXProject;
			attributes = {
				LastUpgradeCheck = 0700;
				ORGANIZATIONNAME = "Ihor Krush";
				TargetAttributes = {
					DBD52CDF1BC3E7E10046CCCC = {
						CreatedOnToolsVersion = 7.0.1;
					};
				};
			};
			buildConfigurationList = DBD52CDB1BC3E7E10046CCCC /* Build configuration list for PBXProject "comp_networks" */;
			compatibilityVersion = "Xcode 3.2";
			developmentRegion = English;
			hasScannedForEncodings = 0;
			knownRegions = (
				en,
			);
			mainGroup = DBD52CD71BC3E7E10046CCCC;
			productRefGroup = DBD52CE11BC3E7E10046CCCC /* Products */;
			projectDirPath = "";
			projectRoot = "";
			targets = (
				DBD52CDF1BC3E7E10046CCCC /* comp_networks */,
			);
		};
/* End PBXProject section */

/* Begin PBXSourcesBuildPhase section */
		DBD52CDC1BC3E7E10046CCCC /* Sources */ = {
			isa = PBXSourcesBuildPhase;
			buildActionMask = 2147483647;
			files = (
				DBD52CEB1BC402F90046CCCC /* client.c in Sources */,
				DBD52CED1BC403060046CCCC /* server.c in Sources */,
			);
			runOnlyForDeploymentPostprocessing = 0;
		};
/* End PBXSourcesBuildPhase section */

/* Begin XCBuildConfiguration section */
		DBD52CE51BC3E7E10046CCCC /* Debug */ = {
			isa = XCBuildConfiguration;
			buildSettings = {
				ALWAYS_SEARCH_USER_PATHS = NO;
				CLANG_CXX_LANGUAGE_STANDARD = "gnu++0x";
				CLANG_CXX_LIBRARY = "libc++";
				CLANG_ENABLE_MODULES = YES;
				CLANG_ENABLE_OBJC_ARC = YES;
				CLANG_WARN_BOOL_CONVERSION = YES;
				CLANG_WARN_CONSTANT_CONVERSION = YES;
				CLANG_WARN_DIRECT_OBJC_ISA_USAGE = YES_ERROR;
				CLANG_WARN_EMPTY_BODY = YES;
				CLANG_WARN_ENUM_CONVERSION = YES;
				CLANG_WARN_INT_CONVERSION = YES;
				CLANG_WARN_OBJC_ROOT_CLASS = YES_ERROR;
				CLANG_WARN_UNREACHABLE_CODE = YES;
				CLANG_WARN__DUPLICATE_METHOD_MATCH = YES;
				COPY_PHASE_STRIP = NO;
				DEBUG_INFORMATION_FORMAT = dwarf;
				ENABLE_STRICT_OBJC_MSGSEND = YES;
				ENABLE_TESTABILITY = YES;
				GCC_C_LANGUAGE_STANDARD = gnu99;
				GCC_DYNAMIC_NO_PIC = NO;
				GCC_NO_COMMON_BLOCKS = YES;
				GCC_OPTIMIZATION_LEVEL = 0;
				GCC_PREPROCESSOR_DEFINITIONS = (
					"DEBUG=1",
					"$(inherited)",
				);
				GCC_WARN_64_TO_32_BIT_CONVERSION = YES;
				GCC_WARN_ABOUT_RETURN_TYPE = YES_ERROR;
				GCC_WARN_UNDECLARED_SELECTOR = YES;
				GCC_WARN_UNINITIALIZED_AUTOS = YES_AGGRESSIVE;
				GCC_WARN_UNUSED_FUNCTION = YES;
				GCC_WARN_UNUSED_VARIABLE = YES;
				MACOSX_DEPLOYMENT_TARGET = 10.11;
				MTL_ENABLE_DEBUG_INFO = YES;
				ONLY_ACTIVE_ARCH = YES;
				SDKROOT = macosx;
			};
			name = Debug;
		};
		DBD52CE61BC3E7E10046CCCC /* Release */ = {
			isa = XCBuildConfiguration;
			buildSettings = {
				ALWAYS_SEARCH_USER_PATHS = NO;
				CLANG_CXX_LANGUAGE_STANDARD = "gnu++0x";
				CLANG_CXX_LIBRARY = "libc++";
				CLANG_ENABLE_MODULES = YES;
				CLANG_ENABLE_OBJC_ARC = YES;
				CLANG_WARN_BOOL_CONVERSION = YES;
				CLANG_WARN_CONSTANT_CONVERSION = YES;
				CLANG_WARN_DIRECT_OBJC_ISA_USAGE = YES_ERROR;
				CLANG_WARN_EMPTY_BODY = YES;
				CLANG_WARN_ENUM_CONVERSION = YES;
				CLANG_WARN_INT_CONVERSION = YES;
				CLANG_WARN_OBJC_ROOT_CLASS = YES_ERROR;
				CLANG_WARN_UNREACHABLE_CODE = YES;
				CLANG_WARN__DUPLICATE_METHOD_MATCH = YES;
				COPY_PHASE_STRIP = NO;
				DEBUG_INFORMATION_FORMAT = "dwarf-with-dsym";
				ENABLE_NS_ASSERTIONS = NO;
				ENABLE_STRICT_OBJC_MSGSEND = YES;
				GCC_C_LANGUAGE_STANDARD = gnu99;
				GCC_NO_COMMON_BLOCKS = YES;
				GCC_WARN_64_TO_32_BIT_CONVERSION = YES;
				GCC_WARN_ABOUT_RETURN_TYPE = YES_ERROR;
				GCC_WARN_UNDECLARED_SELECTOR = YES;
				GCC_WARN_UNINITIALIZED_AUTOS = YES_AGGRESSIVE;
				GCC_WARN_UNUSED_FUNCTION = YES;
				GCC_WARN_UNUSED_VARIABLE = YES;
				MACOSX_DEPLOYMENT_TARGET = 10.11;
				MTL_ENABLE_DEBUG_INFO = NO;
				SDKROOT = macosx;
			};
			name = Release;
		};
		DBD52CE81BC3E7E10046CCCC /* Debug */ = {
			isa = XCBuildConfiguration;
			buildSettings = {
				PRODUCT_NAME = "$(TARGET_NAME)";
			};
			name = Debug;
		};
		DBD52CE91BC3E7E10046CCCC /* Release */ = {
			isa = XCBuildConfiguration;
			buildSettings = {
				PRODUCT_NAME = "$(TARGET_NAME)";
			};
			name = Release;
		};
/* End XCBuildConfiguration section */

/* Begin XCConfigurationList section */
		DBD52CDB1BC3E7E10046CCCC /* Build configuration list for PBXProject "comp_networks" */ = {
			isa = XCConfigurationList;
			buildConfigurations = (
				DBD52CE51BC3E7E10046CCCC /* Debug */,
				DBD52CE61BC3E7E10046CCCC /* Release */,
			);
			defaultConfigurationIsVisible = 0;
			defaultConfigurationName = Release;
		};
		DBD52CE71BC3E7E10046CCCC /* Build configuration list for PBXNativeTarget "comp_networks" */ = {
			isa = XCConfigurationList;
			buildConfigurations = (
				DBD52CE81BC3E7E10046CCCC /* Debug */,
				DBD52CE91BC3E7E10046CCCC /* Release */,
			);
			defaultConfigurationIsVisible = 0;
			defaultConfigurationName = Release;
		};
/* End XCConfigurationList section */
	};
	rootObject = DBD52CD81BC3E7E10046CCCC /* Project object */;
}
